// !$*UTF8*$!
{
	archiveVersion = 1;
	classes = {
	};
	objectVersion = 55;
	objects = {

/* Begin PBXBuildFile section */
		76CE0339BCD1DE0807E9B327 /* Pods_Tradi.framework in Frameworks */ = {isa = PBXBuildFile; fileRef = BAC7FE7DC96F373F90E88DD2 /* Pods_Tradi.framework */; };
		BC2F603129EDEC1400B8D164 /* AppUtility.swift in Sources */ = {isa = PBXBuildFile; fileRef = BC2F603029EDEC1400B8D164 /* AppUtility.swift */; };
		BC2F603329EDF1BA00B8D164 /* 116177-time-tracker.json in Resources */ = {isa = PBXBuildFile; fileRef = BC2F603229EDF1BA00B8D164 /* 116177-time-tracker.json */; };
		BC75DBC429F2422A00927CFE /* MotionManager.swift in Sources */ = {isa = PBXBuildFile; fileRef = BC75DBC329F2422A00927CFE /* MotionManager.swift */; };
		BC7FDAD229E92BA800F2E41B /* CronoViewController.swift in Sources */ = {isa = PBXBuildFile; fileRef = BC7FDAD129E92BA800F2E41B /* CronoViewController.swift */; };
		BCB5D82229E6296F00AE5E8B /* AppDelegate.swift in Sources */ = {isa = PBXBuildFile; fileRef = BCB5D82129E6296F00AE5E8B /* AppDelegate.swift */; };
		BCB5D82429E6296F00AE5E8B /* SceneDelegate.swift in Sources */ = {isa = PBXBuildFile; fileRef = BCB5D82329E6296F00AE5E8B /* SceneDelegate.swift */; };
		BCB5D82629E6296F00AE5E8B /* InitialViewController.swift in Sources */ = {isa = PBXBuildFile; fileRef = BCB5D82529E6296F00AE5E8B /* InitialViewController.swift */; };
		BCB5D82929E6296F00AE5E8B /* Main.storyboard in Resources */ = {isa = PBXBuildFile; fileRef = BCB5D82729E6296F00AE5E8B /* Main.storyboard */; };
		BCB5D82B29E6297100AE5E8B /* Assets.xcassets in Resources */ = {isa = PBXBuildFile; fileRef = BCB5D82A29E6297100AE5E8B /* Assets.xcassets */; };
		BCB5D82E29E6297100AE5E8B /* LaunchScreen.storyboard in Resources */ = {isa = PBXBuildFile; fileRef = BCB5D82C29E6297100AE5E8B /* LaunchScreen.storyboard */; };
		BCF0E7DE29F422A9000FFC38 /* MotionModel.swift in Sources */ = {isa = PBXBuildFile; fileRef = BCF0E7DD29F422A9000FFC38 /* MotionModel.swift */; };
/* End PBXBuildFile section */

/* Begin PBXFileReference section */
		017737C30A8502A5B1BED14C /* Pods-Tradi.release.xcconfig */ = {isa = PBXFileReference; includeInIndex = 1; lastKnownFileType = text.xcconfig; name = "Pods-Tradi.release.xcconfig"; path = "Target Support Files/Pods-Tradi/Pods-Tradi.release.xcconfig"; sourceTree = "<group>"; };
		BAC7FE7DC96F373F90E88DD2 /* Pods_Tradi.framework */ = {isa = PBXFileReference; explicitFileType = wrapper.framework; includeInIndex = 0; path = Pods_Tradi.framework; sourceTree = BUILT_PRODUCTS_DIR; };
		BC2F603029EDEC1400B8D164 /* AppUtility.swift */ = {isa = PBXFileReference; lastKnownFileType = sourcecode.swift; path = AppUtility.swift; sourceTree = "<group>"; };
		BC2F603229EDF1BA00B8D164 /* 116177-time-tracker.json */ = {isa = PBXFileReference; fileEncoding = 4; lastKnownFileType = text.json; path = "116177-time-tracker.json"; sourceTree = "<group>"; };
		BC75DBC329F2422A00927CFE /* MotionManager.swift */ = {isa = PBXFileReference; lastKnownFileType = sourcecode.swift; path = MotionManager.swift; sourceTree = "<group>"; };
		BC7FDAD129E92BA800F2E41B /* CronoViewController.swift */ = {isa = PBXFileReference; lastKnownFileType = sourcecode.swift; path = CronoViewController.swift; sourceTree = "<group>"; };
		BCB5D81E29E6296F00AE5E8B /* Tradi.app */ = {isa = PBXFileReference; explicitFileType = wrapper.application; includeInIndex = 0; path = Tradi.app; sourceTree = BUILT_PRODUCTS_DIR; };
		BCB5D82129E6296F00AE5E8B /* AppDelegate.swift */ = {isa = PBXFileReference; lastKnownFileType = sourcecode.swift; path = AppDelegate.swift; sourceTree = "<group>"; };
		BCB5D82329E6296F00AE5E8B /* SceneDelegate.swift */ = {isa = PBXFileReference; lastKnownFileType = sourcecode.swift; path = SceneDelegate.swift; sourceTree = "<group>"; };
		BCB5D82529E6296F00AE5E8B /* InitialViewController.swift */ = {isa = PBXFileReference; lastKnownFileType = sourcecode.swift; path = InitialViewController.swift; sourceTree = "<group>"; };
		BCB5D82829E6296F00AE5E8B /* Base */ = {isa = PBXFileReference; lastKnownFileType = file.storyboard; name = Base; path = Base.lproj/Main.storyboard; sourceTree = "<group>"; };
		BCB5D82A29E6297100AE5E8B /* Assets.xcassets */ = {isa = PBXFileReference; lastKnownFileType = folder.assetcatalog; path = Assets.xcassets; sourceTree = "<group>"; };
		BCB5D82D29E6297100AE5E8B /* Base */ = {isa = PBXFileReference; lastKnownFileType = file.storyboard; name = Base; path = Base.lproj/LaunchScreen.storyboard; sourceTree = "<group>"; };
		BCB5D82F29E6297100AE5E8B /* Info.plist */ = {isa = PBXFileReference; lastKnownFileType = text.plist.xml; path = Info.plist; sourceTree = "<group>"; };
		BCF0E7DD29F422A9000FFC38 /* MotionModel.swift */ = {isa = PBXFileReference; lastKnownFileType = sourcecode.swift; path = MotionModel.swift; sourceTree = "<group>"; };
		FEDEC5C8EC76E71770AFE15B /* Pods-Tradi.debug.xcconfig */ = {isa = PBXFileReference; includeInIndex = 1; lastKnownFileType = text.xcconfig; name = "Pods-Tradi.debug.xcconfig"; path = "Target Support Files/Pods-Tradi/Pods-Tradi.debug.xcconfig"; sourceTree = "<group>"; };
/* End PBXFileReference section */

/* Begin PBXFrameworksBuildPhase section */
		BCB5D81B29E6296F00AE5E8B /* Frameworks */ = {
			isa = PBXFrameworksBuildPhase;
			buildActionMask = 2147483647;
			files = (
				76CE0339BCD1DE0807E9B327 /* Pods_Tradi.framework in Frameworks */,
			);
			runOnlyForDeploymentPostprocessing = 0;
		};
/* End PBXFrameworksBuildPhase section */

/* Begin PBXGroup section */
		17C5EF2933CBCDCA88A4F7D3 /* Frameworks */ = {
			isa = PBXGroup;
			children = (
				BAC7FE7DC96F373F90E88DD2 /* Pods_Tradi.framework */,
			);
			name = Frameworks;
			sourceTree = "<group>";
		};
		9A5BA40E3ED8CBE2475D15BD /* Pods */ = {
			isa = PBXGroup;
			children = (
				FEDEC5C8EC76E71770AFE15B /* Pods-Tradi.debug.xcconfig */,
				017737C30A8502A5B1BED14C /* Pods-Tradi.release.xcconfig */,
			);
			path = Pods;
			sourceTree = "<group>";
		};
		BC7FDACE29E92AE500F2E41B /* Model */ = {
			isa = PBXGroup;
			children = (
				BC2F603029EDEC1400B8D164 /* AppUtility.swift */,
				BC75DBC329F2422A00927CFE /* MotionManager.swift */,
				BCF0E7DD29F422A9000FFC38 /* MotionModel.swift */,
			);
			path = Model;
			sourceTree = "<group>";
		};
		BC7FDACF29E92B0000F2E41B /* View */ = {
			isa = PBXGroup;
			children = (
				BCB5D82729E6296F00AE5E8B /* Main.storyboard */,
			);
			path = View;
			sourceTree = "<group>";
		};
		BC7FDAD029E92B0400F2E41B /* Controller */ = {
			isa = PBXGroup;
			children = (
				BCB5D82529E6296F00AE5E8B /* InitialViewController.swift */,
				BC7FDAD129E92BA800F2E41B /* CronoViewController.swift */,
			);
			path = Controller;
			sourceTree = "<group>";
		};
		BCB5D81529E6296F00AE5E8B = {
			isa = PBXGroup;
			children = (
				BC2F603229EDF1BA00B8D164 /* 116177-time-tracker.json */,
				BCB5D82029E6296F00AE5E8B /* Tradi */,
				BCB5D81F29E6296F00AE5E8B /* Products */,
				9A5BA40E3ED8CBE2475D15BD /* Pods */,
				17C5EF2933CBCDCA88A4F7D3 /* Frameworks */,
			);
			sourceTree = "<group>";
		};
		BCB5D81F29E6296F00AE5E8B /* Products */ = {
			isa = PBXGroup;
			children = (
				BCB5D81E29E6296F00AE5E8B /* Tradi.app */,
			);
			name = Products;
			sourceTree = "<group>";
		};
		BCB5D82029E6296F00AE5E8B /* Tradi */ = {
			isa = PBXGroup;
			children = (
				BCB5D82129E6296F00AE5E8B /* AppDelegate.swift */,
				BCB5D82329E6296F00AE5E8B /* SceneDelegate.swift */,
				BC7FDACE29E92AE500F2E41B /* Model */,
				BC7FDACF29E92B0000F2E41B /* View */,
				BC7FDAD029E92B0400F2E41B /* Controller */,
				BCB5D82A29E6297100AE5E8B /* Assets.xcassets */,
				BCB5D82C29E6297100AE5E8B /* LaunchScreen.storyboard */,
				BCB5D82F29E6297100AE5E8B /* Info.plist */,
			);
			path = Tradi;
			sourceTree = "<group>";
		};
/* End PBXGroup section */

/* Begin PBXNativeTarget section */
		BCB5D81D29E6296F00AE5E8B /* Tradi */ = {
			isa = PBXNativeTarget;
			buildConfigurationList = BCB5D83229E6297100AE5E8B /* Build configuration list for PBXNativeTarget "Tradi" */;
			buildPhases = (
				E74E95A038EEFC7A640D3726 /* [CP] Check Pods Manifest.lock */,
				BCB5D81A29E6296F00AE5E8B /* Sources */,
				BCB5D81B29E6296F00AE5E8B /* Frameworks */,
				BCB5D81C29E6296F00AE5E8B /* Resources */,
				D9326C9260202BA25C4EC5E9 /* [CP] Embed Pods Frameworks */,
			);
			buildRules = (
			);
			dependencies = (
			);
			name = Tradi;
			productName = Tradi;
			productReference = BCB5D81E29E6296F00AE5E8B /* Tradi.app */;
			productType = "com.apple.product-type.application";
		};
/* End PBXNativeTarget section */

/* Begin PBXProject section */
		BCB5D81629E6296F00AE5E8B /* Project object */ = {
			isa = PBXProject;
			attributes = {
				BuildIndependentTargetsInParallel = 1;
				LastSwiftUpdateCheck = 1420;
				LastUpgradeCheck = 1420;
				TargetAttributes = {
					BCB5D81D29E6296F00AE5E8B = {
						CreatedOnToolsVersion = 14.2;
					};
				};
			};
			buildConfigurationList = BCB5D81929E6296F00AE5E8B /* Build configuration list for PBXProject "Tradi" */;
			compatibilityVersion = "Xcode 13.0";
			developmentRegion = en;
			hasScannedForEncodings = 0;
			knownRegions = (
				en,
				Base,
			);
			mainGroup = BCB5D81529E6296F00AE5E8B;
			productRefGroup = BCB5D81F29E6296F00AE5E8B /* Products */;
			projectDirPath = "";
			projectRoot = "";
			targets = (
				BCB5D81D29E6296F00AE5E8B /* Tradi */,
			);
		};
/* End PBXProject section */

/* Begin PBXResourcesBuildPhase section */
		BCB5D81C29E6296F00AE5E8B /* Resources */ = {
			isa = PBXResourcesBuildPhase;
			buildActionMask = 2147483647;
			files = (
				BC2F603329EDF1BA00B8D164 /* 116177-time-tracker.json in Resources */,
				BCB5D82E29E6297100AE5E8B /* LaunchScreen.storyboard in Resources */,
				BCB5D82B29E6297100AE5E8B /* Assets.xcassets in Resources */,
				BCB5D82929E6296F00AE5E8B /* Main.storyboard in Resources */,
			);
			runOnlyForDeploymentPostprocessing = 0;
		};
/* End PBXResourcesBuildPhase section */

/* Begin PBXShellScriptBuildPhase section */
		D9326C9260202BA25C4EC5E9 /* [CP] Embed Pods Frameworks */ = {
			isa = PBXShellScriptBuildPhase;
			buildActionMask = 2147483647;
			files = (
			);
			inputFileListPaths = (
				"${PODS_ROOT}/Target Support Files/Pods-Tradi/Pods-Tradi-frameworks-${CONFIGURATION}-input-files.xcfilelist",
			);
			name = "[CP] Embed Pods Frameworks";
			outputFileListPaths = (
				"${PODS_ROOT}/Target Support Files/Pods-Tradi/Pods-Tradi-frameworks-${CONFIGURATION}-output-files.xcfilelist",
			);
			runOnlyForDeploymentPostprocessing = 0;
			shellPath = /bin/sh;
			shellScript = "\"${PODS_ROOT}/Target Support Files/Pods-Tradi/Pods-Tradi-frameworks.sh\"\n";
			showEnvVarsInLog = 0;
		};
		E74E95A038EEFC7A640D3726 /* [CP] Check Pods Manifest.lock */ = {
			isa = PBXShellScriptBuildPhase;
			buildActionMask = 2147483647;
			files = (
			);
			inputFileListPaths = (
			);
			inputPaths = (
				"${PODS_PODFILE_DIR_PATH}/Podfile.lock",
				"${PODS_ROOT}/Manifest.lock",
			);
			name = "[CP] Check Pods Manifest.lock";
			outputFileListPaths = (
			);
			outputPaths = (
				"$(DERIVED_FILE_DIR)/Pods-Tradi-checkManifestLockResult.txt",
			);
			runOnlyForDeploymentPostprocessing = 0;
			shellPath = /bin/sh;
			shellScript = "diff \"${PODS_PODFILE_DIR_PATH}/Podfile.lock\" \"${PODS_ROOT}/Manifest.lock\" > /dev/null\nif [ $? != 0 ] ; then\n    # print error to STDERR\n    echo \"error: The sandbox is not in sync with the Podfile.lock. Run 'pod install' or update your CocoaPods installation.\" >&2\n    exit 1\nfi\n# This output is used by Xcode 'outputs' to avoid re-running this script phase.\necho \"SUCCESS\" > \"${SCRIPT_OUTPUT_FILE_0}\"\n";
			showEnvVarsInLog = 0;
		};
/* End PBXShellScriptBuildPhase section */

/* Begin PBXSourcesBuildPhase section */
		BCB5D81A29E6296F00AE5E8B /* Sources */ = {
			isa = PBXSourcesBuildPhase;
			buildActionMask = 2147483647;
			files = (
				BCB5D82629E6296F00AE5E8B /* InitialViewController.swift in Sources */,
				BCF0E7DE29F422A9000FFC38 /* MotionModel.swift in Sources */,
				BCB5D82229E6296F00AE5E8B /* AppDelegate.swift in Sources */,
				BC2F603129EDEC1400B8D164 /* AppUtility.swift in Sources */,
				BC75DBC429F2422A00927CFE /* MotionManager.swift in Sources */,
				BC7FDAD229E92BA800F2E41B /* CronoViewController.swift in Sources */,
				BCB5D82429E6296F00AE5E8B /* SceneDelegate.swift in Sources */,
			);
			runOnlyForDeploymentPostprocessing = 0;
		};
/* End PBXSourcesBuildPhase section */

/* Begin PBXVariantGroup section */
		BCB5D82729E6296F00AE5E8B /* Main.storyboard */ = {
			isa = PBXVariantGroup;
			children = (
				BCB5D82829E6296F00AE5E8B /* Base */,
			);
			name = Main.storyboard;
			sourceTree = "<group>";
		};
		BCB5D82C29E6297100AE5E8B /* LaunchScreen.storyboard */ = {
			isa = PBXVariantGroup;
			children = (
				BCB5D82D29E6297100AE5E8B /* Base */,
			);
			name = LaunchScreen.storyboard;
			sourceTree = "<group>";
		};
/* End PBXVariantGroup section */

/* Begin XCBuildConfiguration section */
		BCB5D83029E6297100AE5E8B /* Debug */ = {
			isa = XCBuildConfiguration;
			buildSettings = {
				ALWAYS_SEARCH_USER_PATHS = NO;
				CLANG_ANALYZER_NONNULL = YES;
				CLANG_ANALYZER_NUMBER_OBJECT_CONVERSION = YES_AGGRESSIVE;
				CLANG_CXX_LANGUAGE_STANDARD = "gnu++20";
				CLANG_ENABLE_MODULES = YES;
				CLANG_ENABLE_OBJC_ARC = YES;
				CLANG_ENABLE_OBJC_WEAK = YES;
				CLANG_WARN_BLOCK_CAPTURE_AUTORELEASING = YES;
				CLANG_WARN_BOOL_CONVERSION = YES;
				CLANG_WARN_COMMA = YES;
				CLANG_WARN_CONSTANT_CONVERSION = YES;
				CLANG_WARN_DEPRECATED_OBJC_IMPLEMENTATIONS = YES;
				CLANG_WARN_DIRECT_OBJC_ISA_USAGE = YES_ERROR;
				CLANG_WARN_DOCUMENTATION_COMMENTS = YES;
				CLANG_WARN_EMPTY_BODY = YES;
				CLANG_WARN_ENUM_CONVERSION = YES;
				CLANG_WARN_INFINITE_RECURSION = YES;
				CLANG_WARN_INT_CONVERSION = YES;
				CLANG_WARN_NON_LITERAL_NULL_CONVERSION = YES;
				CLANG_WARN_OBJC_IMPLICIT_RETAIN_SELF = YES;
				CLANG_WARN_OBJC_LITERAL_CONVERSION = YES;
				CLANG_WARN_OBJC_ROOT_CLASS = YES_ERROR;
				CLANG_WARN_QUOTED_INCLUDE_IN_FRAMEWORK_HEADER = YES;
				CLANG_WARN_RANGE_LOOP_ANALYSIS = YES;
				CLANG_WARN_STRICT_PROTOTYPES = YES;
				CLANG_WARN_SUSPICIOUS_MOVE = YES;
				CLANG_WARN_UNGUARDED_AVAILABILITY = YES_AGGRESSIVE;
				CLANG_WARN_UNREACHABLE_CODE = YES;
				CLANG_WARN__DUPLICATE_METHOD_MATCH = YES;
				COPY_PHASE_STRIP = NO;
				DEBUG_INFORMATION_FORMAT = dwarf;
				ENABLE_STRICT_OBJC_MSGSEND = YES;
				ENABLE_TESTABILITY = YES;
				GCC_C_LANGUAGE_STANDARD = gnu11;
				GCC_DYNAMIC_NO_PIC = NO;
				GCC_NO_COMMON_BLOCKS = YES;
				GCC_OPTIMIZATION_LEVEL = 0;
				GCC_PREPROCESSOR_DEFINITIONS = (
					"DEBUG=1",
					"$(inherited)",
				);
				GCC_WARN_64_TO_32_BIT_CONVERSION = YES;
				GCC_WARN_ABOUT_RETURN_TYPE = YES_ERROR;
				GCC_WARN_UNDECLARED_SELECTOR = YES;
				GCC_WARN_UNINITIALIZED_AUTOS = YES_AGGRESSIVE;
				GCC_WARN_UNUSED_FUNCTION = YES;
				GCC_WARN_UNUSED_VARIABLE = YES;
				IPHONEOS_DEPLOYMENT_TARGET = 16.0;
				MTL_ENABLE_DEBUG_INFO = INCLUDE_SOURCE;
				MTL_FAST_MATH = YES;
				ONLY_ACTIVE_ARCH = YES;
				SDKROOT = iphoneos;
				SWIFT_ACTIVE_COMPILATION_CONDITIONS = DEBUG;
				SWIFT_OPTIMIZATION_LEVEL = "-Onone";
			};
			name = Debug;
		};
		BCB5D83129E6297100AE5E8B /* Release */ = {
			isa = XCBuildConfiguration;
			buildSettings = {
				ALWAYS_SEARCH_USER_PATHS = NO;
				CLANG_ANALYZER_NONNULL = YES;
				CLANG_ANALYZER_NUMBER_OBJECT_CONVERSION = YES_AGGRESSIVE;
				CLANG_CXX_LANGUAGE_STANDARD = "gnu++20";
				CLANG_ENABLE_MODULES = YES;
				CLANG_ENABLE_OBJC_ARC = YES;
				CLANG_ENABLE_OBJC_WEAK = YES;
				CLANG_WARN_BLOCK_CAPTURE_AUTORELEASING = YES;
				CLANG_WARN_BOOL_CONVERSION = YES;
				CLANG_WARN_COMMA = YES;
				CLANG_WARN_CONSTANT_CONVERSION = YES;
				CLANG_WARN_DEPRECATED_OBJC_IMPLEMENTATIONS = YES;
				CLANG_WARN_DIRECT_OBJC_ISA_USAGE = YES_ERROR;
				CLANG_WARN_DOCUMENTATION_COMMENTS = YES;
				CLANG_WARN_EMPTY_BODY = YES;
				CLANG_WARN_ENUM_CONVERSION = YES;
				CLANG_WARN_INFINITE_RECURSION = YES;
				CLANG_WARN_INT_CONVERSION = YES;
				CLANG_WARN_NON_LITERAL_NULL_CONVERSION = YES;
				CLANG_WARN_OBJC_IMPLICIT_RETAIN_SELF = YES;
				CLANG_WARN_OBJC_LITERAL_CONVERSION = YES;
				CLANG_WARN_OBJC_ROOT_CLASS = YES_ERROR;
				CLANG_WARN_QUOTED_INCLUDE_IN_FRAMEWORK_HEADER = YES;
				CLANG_WARN_RANGE_LOOP_ANALYSIS = YES;
				CLANG_WARN_STRICT_PROTOTYPES = YES;
				CLANG_WARN_SUSPICIOUS_MOVE = YES;
				CLANG_WARN_UNGUARDED_AVAILABILITY = YES_AGGRESSIVE;
				CLANG_WARN_UNREACHABLE_CODE = YES;
				CLANG_WARN__DUPLICATE_METHOD_MATCH = YES;
				COPY_PHASE_STRIP = NO;
				DEBUG_INFORMATION_FORMAT = "dwarf-with-dsym";
				ENABLE_NS_ASSERTIONS = NO;
				ENABLE_STRICT_OBJC_MSGSEND = YES;
				GCC_C_LANGUAGE_STANDARD = gnu11;
				GCC_NO_COMMON_BLOCKS = YES;
				GCC_WARN_64_TO_32_BIT_CONVERSION = YES;
				GCC_WARN_ABOUT_RETURN_TYPE = YES_ERROR;
				GCC_WARN_UNDECLARED_SELECTOR = YES;
				GCC_WARN_UNINITIALIZED_AUTOS = YES_AGGRESSIVE;
				GCC_WARN_UNUSED_FUNCTION = YES;
				GCC_WARN_UNUSED_VARIABLE = YES;
				IPHONEOS_DEPLOYMENT_TARGET = 16.0;
				MTL_ENABLE_DEBUG_INFO = NO;
				MTL_FAST_MATH = YES;
				SDKROOT = iphoneos;
				SWIFT_COMPILATION_MODE = wholemodule;
				SWIFT_OPTIMIZATION_LEVEL = "-O";
				VALIDATE_PRODUCT = YES;
			};
			name = Release;
		};
		BCB5D83329E6297100AE5E8B /* Debug */ = {
			isa = XCBuildConfiguration;
			baseConfigurationReference = FEDEC5C8EC76E71770AFE15B /* Pods-Tradi.debug.xcconfig */;
			buildSettings = {
				ASSETCATALOG_COMPILER_APPICON_NAME = AppIcon;
				ASSETCATALOG_COMPILER_GLOBAL_ACCENT_COLOR_NAME = AccentColor;
				CODE_SIGN_STYLE = Automatic;
				CURRENT_PROJECT_VERSION = 1;
				DEVELOPMENT_TEAM = HA6847M65W;
				GENERATE_INFOPLIST_FILE = YES;
				INFOPLIST_FILE = Tradi/Info.plist;
				INFOPLIST_KEY_CFBundleDisplayName = Tradi;
				INFOPLIST_KEY_UIApplicationSupportsIndirectInputEvents = YES;
				INFOPLIST_KEY_UILaunchStoryboardName = LaunchScreen.storyboard;
				INFOPLIST_KEY_UIMainStoryboardFile = Main;
				INFOPLIST_KEY_UIRequiresFullScreen = YES;
				INFOPLIST_KEY_UIStatusBarStyle = "";
				INFOPLIST_KEY_UISupportedInterfaceOrientations = "UIInterfaceOrientationLandscapeLeft UIInterfaceOrientationLandscapeRight UIInterfaceOrientationPortrait";
				IPHONEOS_DEPLOYMENT_TARGET = 16.0;
				LD_RUNPATH_SEARCH_PATHS = (
					"$(inherited)",
					"@executable_path/Frameworks",
				);
				MARKETING_VERSION = 1.0;
				PRODUCT_BUNDLE_IDENTIFIER = COM.rodolfoGonzalez.Tradi;
				PRODUCT_NAME = "$(TARGET_NAME)";
				SWIFT_EMIT_LOC_STRINGS = YES;
				SWIFT_VERSION = 5.0;
				TARGETED_DEVICE_FAMILY = "1,2";
			};
			name = Debug;
		};
		BCB5D83429E6297100AE5E8B /* Release */ = {
			isa = XCBuildConfiguration;
			baseConfigurationReference = 017737C30A8502A5B1BED14C /* Pods-Tradi.release.xcconfig */;
			buildSettings = {
				ASSETCATALOG_COMPILER_APPICON_NAME = AppIcon;
				ASSETCATALOG_COMPILER_GLOBAL_ACCENT_COLOR_NAME = AccentColor;
				CODE_SIGN_STYLE = Automatic;
				CURRENT_PROJECT_VERSION = 1;
				DEVELOPMENT_TEAM = HA6847M65W;
				GENERATE_INFOPLIST_FILE = YES;
				INFOPLIST_FILE = Tradi/Info.plist;
				INFOPLIST_KEY_CFBundleDisplayName = Tradi;
				INFOPLIST_KEY_UIApplicationSupportsIndirectInputEvents = YES;
				INFOPLIST_KEY_UILaunchStoryboardName = LaunchScreen.storyboard;
				INFOPLIST_KEY_UIMainStoryboardFile = Main;
				INFOPLIST_KEY_UIRequiresFullScreen = YES;
				INFOPLIST_KEY_UIStatusBarStyle = "";
				INFOPLIST_KEY_UISupportedInterfaceOrientations = "UIInterfaceOrientationLandscapeLeft UIInterfaceOrientationLandscapeRight UIInterfaceOrientationPortrait";
				IPHONEOS_DEPLOYMENT_TARGET = 16.0;
				LD_RUNPATH_SEARCH_PATHS = (
					"$(inherited)",
					"@executable_path/Frameworks",
				);
				MARKETING_VERSION = 1.0;
				PRODUCT_BUNDLE_IDENTIFIER = COM.rodolfoGonzalez.Tradi;
				PRODUCT_NAME = "$(TARGET_NAME)";
				SWIFT_EMIT_LOC_STRINGS = YES;
				SWIFT_VERSION = 5.0;
				TARGETED_DEVICE_FAMILY = "1,2";
			};
			name = Release;
		};
/* End XCBuildConfiguration section */

/* Begin XCConfigurationList section */
		BCB5D81929E6296F00AE5E8B /* Build configuration list for PBXProject "Tradi" */ = {
			isa = XCConfigurationList;
			buildConfigurations = (
				BCB5D83029E6297100AE5E8B /* Debug */,
				BCB5D83129E6297100AE5E8B /* Release */,
			);
			defaultConfigurationIsVisible = 0;
			defaultConfigurationName = Release;
		};
		BCB5D83229E6297100AE5E8B /* Build configuration list for PBXNativeTarget "Tradi" */ = {
			isa = XCConfigurationList;
			buildConfigurations = (
				BCB5D83329E6297100AE5E8B /* Debug */,
				BCB5D83429E6297100AE5E8B /* Release */,
			);
			defaultConfigurationIsVisible = 0;
			defaultConfigurationName = Release;
		};
/* End XCConfigurationList section */
	};
	rootObject = BCB5D81629E6296F00AE5E8B /* Project object */;
}
